
Microsoft Visual Studio Solution File, Format Version 12.00
# Visual Studio Version 17
VisualStudioVersion = 17.8.34525.116
MinimumVisualStudioVersion = 10.0.40219.1
Project("{2150E333-8FDC-42A3-9474-1A3956D46DE8}") = "src", "src", "{9FDAED4D-402C-4038-8127-32C442B36776}"
EndProject
Project("{2150E333-8FDC-42A3-9474-1A3956D46DE8}") = "test", "test", "{9BBB1A47-FCA8-47CA-A57B-0F5E08AC1F0A}"
EndProject
Project("{2150E333-8FDC-42A3-9474-1A3956D46DE8}") = "API", "API", "{5B16B11C-9CF5-46C2-B627-A0D5556D4323}"
EndProject
Project("{2150E333-8FDC-42A3-9474-1A3956D46DE8}") = "UI", "UI", "{1AAB5FD7-72EC-443A-9313-E00773CE1FB5}"
EndProject
Project("{2150E333-8FDC-42A3-9474-1A3956D46DE8}") = "Core", "Core", "{021EE381-1DAD-4E99-8486-59E11921C1EA}"
EndProject
Project("{2150E333-8FDC-42A3-9474-1A3956D46DE8}") = "Infrastructure", "Infrastructure", "{FD1C90F1-4BE0-4D9C-92CC-4EFCB0E6C9F1}"
EndProject
Project("{9A19103F-16F7-4668-BE54-9A1E7A4F7556}") = "MindSwap.Domain", "MindSwap.Domain\MindSwap.Domain.csproj", "{69475C14-F814-4B50-8C45-885037F9DA9D}"
EndProject
Project("{9A19103F-16F7-4668-BE54-9A1E7A4F7556}") = "MindSwap.Application", "MindSwap.Application\MindSwap.Application.csproj", "{2B1DACCE-C01A-4F01-ADD3-A1AF06322486}"
EndProject
Project("{9A19103F-16F7-4668-BE54-9A1E7A4F7556}") = "MindSwap.Persistence", "MindSwap.Persistence\MindSwap.Persistence.csproj", "{09AE1B83-DD9C-4341-A743-7C820861DDA2}"
EndProject
Project("{9A19103F-16F7-4668-BE54-9A1E7A4F7556}") = "MindSwap.Infrastructure", "MindSwap.Infrastructure\MindSwap.Infrastructure.csproj", "{93D7FA95-AAAB-4CB9-922B-3956239D046F}"
EndProject
Project("{9A19103F-16F7-4668-BE54-9A1E7A4F7556}") = "MindSwap.Api", "MindSwap.Api\MindSwap.Api.csproj", "{C5448308-9A42-464D-9EE2-C72DCC5B4C03}"
EndProject
Project("{9A19103F-16F7-4668-BE54-9A1E7A4F7556}") = "MindSwap.Application.UnitTests", "MindSwap.Application.UnitTests\MindSwap.Application.UnitTests.csproj", "{702C7E4B-DC4A-4392-9F65-68C3DB083C79}"
EndProject
Project("{9A19103F-16F7-4668-BE54-9A1E7A4F7556}") = "MindSwap.Persistence.IntegrationTests", "MindSwap.Persistence.IntegrationTests\MindSwap.Persistence.IntegrationTests.csproj", "{CA902C10-E2B9-4D67-B584-88E153879F19}"
EndProject
Project("{9A19103F-16F7-4668-BE54-9A1E7A4F7556}") = "MindSwap.BlazorUI", "MindSwap.BlazorUI\MindSwap.BlazorUI.csproj", "{216800C6-99D7-4D5D-ADD3-96A71D05C90A}"
EndProject
Project("{9A19103F-16F7-4668-BE54-9A1E7A4F7556}") = "MindSwap.Identity", "MindSwap.Identity\MindSwap.Identity.csproj", "{452E6326-FBA4-4FBA-A5C5-BC9AAF3497A8}"
EndProject
Global
	GlobalSection(SolutionConfigurationPlatforms) = preSolution
		Debug|Any CPU = Debug|Any CPU
		Release|Any CPU = Release|Any CPU
	EndGlobalSection
	GlobalSection(ProjectConfigurationPlatforms) = postSolution
		{69475C14-F814-4B50-8C45-885037F9DA9D}.Debug|Any CPU.ActiveCfg = Debug|Any CPU
		{69475C14-F814-4B50-8C45-885037F9DA9D}.Debug|Any CPU.Build.0 = Debug|Any CPU
		{69475C14-F814-4B50-8C45-885037F9DA9D}.Release|Any CPU.ActiveCfg = Release|Any CPU
		{69475C14-F814-4B50-8C45-885037F9DA9D}.Release|Any CPU.Build.0 = Release|Any CPU
		{2B1DACCE-C01A-4F01-ADD3-A1AF06322486}.Debug|Any CPU.ActiveCfg = Debug|Any CPU
		{2B1DACCE-C01A-4F01-ADD3-A1AF06322486}.Debug|Any CPU.Build.0 = Debug|Any CPU
		{2B1DACCE-C01A-4F01-ADD3-A1AF06322486}.Release|Any CPU.ActiveCfg = Release|Any CPU
		{2B1DACCE-C01A-4F01-ADD3-A1AF06322486}.Release|Any CPU.Build.0 = Release|Any CPU
		{09AE1B83-DD9C-4341-A743-7C820861DDA2}.Debug|Any CPU.ActiveCfg = Debug|Any CPU
		{09AE1B83-DD9C-4341-A743-7C820861DDA2}.Debug|Any CPU.Build.0 = Debug|Any CPU
		{09AE1B83-DD9C-4341-A743-7C820861DDA2}.Release|Any CPU.ActiveCfg = Release|Any CPU
		{09AE1B83-DD9C-4341-A743-7C820861DDA2}.Release|Any CPU.Build.0 = Release|Any CPU
		{93D7FA95-AAAB-4CB9-922B-3956239D046F}.Debug|Any CPU.ActiveCfg = Debug|Any CPU
		{93D7FA95-AAAB-4CB9-922B-3956239D046F}.Debug|Any CPU.Build.0 = Debug|Any CPU
		{93D7FA95-AAAB-4CB9-922B-3956239D046F}.Release|Any CPU.ActiveCfg = Release|Any CPU
		{93D7FA95-AAAB-4CB9-922B-3956239D046F}.Release|Any CPU.Build.0 = Release|Any CPU
		{C5448308-9A42-464D-9EE2-C72DCC5B4C03}.Debug|Any CPU.ActiveCfg = Debug|Any CPU
		{C5448308-9A42-464D-9EE2-C72DCC5B4C03}.Debug|Any CPU.Build.0 = Debug|Any CPU
		{C5448308-9A42-464D-9EE2-C72DCC5B4C03}.Release|Any CPU.ActiveCfg = Release|Any CPU
		{C5448308-9A42-464D-9EE2-C72DCC5B4C03}.Release|Any CPU.Build.0 = Release|Any CPU
		{702C7E4B-DC4A-4392-9F65-68C3DB083C79}.Debug|Any CPU.ActiveCfg = Debug|Any CPU
		{702C7E4B-DC4A-4392-9F65-68C3DB083C79}.Debug|Any CPU.Build.0 = Debug|Any CPU
		{702C7E4B-DC4A-4392-9F65-68C3DB083C79}.Release|Any CPU.ActiveCfg = Release|Any CPU
		{702C7E4B-DC4A-4392-9F65-68C3DB083C79}.Release|Any CPU.Build.0 = Release|Any CPU
		{CA902C10-E2B9-4D67-B584-88E153879F19}.Debug|Any CPU.ActiveCfg = Debug|Any CPU
		{CA902C10-E2B9-4D67-B584-88E153879F19}.Debug|Any CPU.Build.0 = Debug|Any CPU
		{CA902C10-E2B9-4D67-B584-88E153879F19}.Release|Any CPU.ActiveCfg = Release|Any CPU
		{CA902C10-E2B9-4D67-B584-88E153879F19}.Release|Any CPU.Build.0 = Release|Any CPU
		{216800C6-99D7-4D5D-ADD3-96A71D05C90A}.Debug|Any CPU.ActiveCfg = Debug|Any CPU
		{216800C6-99D7-4D5D-ADD3-96A71D05C90A}.Debug|Any CPU.Build.0 = Debug|Any CPU
		{216800C6-99D7-4D5D-ADD3-96A71D05C90A}.Release|Any CPU.ActiveCfg = Release|Any CPU
		{216800C6-99D7-4D5D-ADD3-96A71D05C90A}.Release|Any CPU.Build.0 = Release|Any CPU
		{452E6326-FBA4-4FBA-A5C5-BC9AAF3497A8}.Debug|Any CPU.ActiveCfg = Debug|Any CPU
		{452E6326-FBA4-4FBA-A5C5-BC9AAF3497A8}.Debug|Any CPU.Build.0 = Debug|Any CPU
		{452E6326-FBA4-4FBA-A5C5-BC9AAF3497A8}.Release|Any CPU.ActiveCfg = Release|Any CPU
		{452E6326-FBA4-4FBA-A5C5-BC9AAF3497A8}.Release|Any CPU.Build.0 = Release|Any CPU
	EndGlobalSection
	GlobalSection(SolutionProperties) = preSolution
		HideSolutionNode = FALSE
	EndGlobalSection
	GlobalSection(NestedProjects) = preSolution
		{5B16B11C-9CF5-46C2-B627-A0D5556D4323} = {9FDAED4D-402C-4038-8127-32C442B36776}
		{1AAB5FD7-72EC-443A-9313-E00773CE1FB5} = {9FDAED4D-402C-4038-8127-32C442B36776}
		{021EE381-1DAD-4E99-8486-59E11921C1EA} = {9FDAED4D-402C-4038-8127-32C442B36776}
		{FD1C90F1-4BE0-4D9C-92CC-4EFCB0E6C9F1} = {9FDAED4D-402C-4038-8127-32C442B36776}
		{69475C14-F814-4B50-8C45-885037F9DA9D} = {021EE381-1DAD-4E99-8486-59E11921C1EA}
		{2B1DACCE-C01A-4F01-ADD3-A1AF06322486} = {021EE381-1DAD-4E99-8486-59E11921C1EA}
		{09AE1B83-DD9C-4341-A743-7C820861DDA2} = {FD1C90F1-4BE0-4D9C-92CC-4EFCB0E6C9F1}
		{93D7FA95-AAAB-4CB9-922B-3956239D046F} = {FD1C90F1-4BE0-4D9C-92CC-4EFCB0E6C9F1}
		{C5448308-9A42-464D-9EE2-C72DCC5B4C03} = {5B16B11C-9CF5-46C2-B627-A0D5556D4323}
		{702C7E4B-DC4A-4392-9F65-68C3DB083C79} = {9BBB1A47-FCA8-47CA-A57B-0F5E08AC1F0A}
		{CA902C10-E2B9-4D67-B584-88E153879F19} = {9BBB1A47-FCA8-47CA-A57B-0F5E08AC1F0A}
		{216800C6-99D7-4D5D-ADD3-96A71D05C90A} = {1AAB5FD7-72EC-443A-9313-E00773CE1FB5}
		{452E6326-FBA4-4FBA-A5C5-BC9AAF3497A8} = {FD1C90F1-4BE0-4D9C-92CC-4EFCB0E6C9F1}
	EndGlobalSection
	GlobalSection(ExtensibilityGlobals) = postSolution
		SolutionGuid = {4DD6C5DA-F286-4789-A96E-8E6CE49E6839}
	EndGlobalSection
EndGlobal
